{
  "projects": [
    {
      "projectId": "seaQhLVS4bbjiGvJJrRwyL",
      "version": "15.0.3",
      "dependencies": {},
      "lang": "js",
      "fileLocks": [
        {
          "assetId": "seaQhLVS4bbjiGvJJrRwyL",
          "type": "projectCss",
          "checksum": "dc88471beadb978e51eb3ceb75d10fdb"
        }
      ]
    },
    {
      "projectId": "nPAJjRdgZFrbGDnyeYXFFi",
      "version": "latest",
      "dependencies": {
        "seaQhLVS4bbjiGvJJrRwyL": "15.0.3"
      },
      "lang": "js",
      "fileLocks": [
        {
          "type": "globalVariant",
          "assetId": "a3UJwGt1T7p74M",
          "checksum": "8c891bc586becdc48a58d1dc93d2d94e"
        },
        {
          "assetId": "nPAJjRdgZFrbGDnyeYXFFi",
          "type": "projectCss",
          "checksum": "30f26a09511b1aa6bd6cc90b6288f3a3"
        },
        {
          "type": "renderModule",
          "assetId": "Ou1ssqU6_QcgM",
          "checksum": "2f4c027b1ee2df5b537dcec401a422e8"
        },
        {
          "type": "cssRules",
          "assetId": "Ou1ssqU6_QcgM",
          "checksum": "2f4c027b1ee2df5b537dcec401a422e8"
        },
        {
          "type": "renderModule",
          "assetId": "hjbFT3xdBQpvM",
          "checksum": "f5364a68441dd6e6ce4f32f20e522b4c"
        },
        {
          "type": "cssRules",
          "assetId": "hjbFT3xdBQpvM",
          "checksum": "f5364a68441dd6e6ce4f32f20e522b4c"
        },
        {
          "type": "renderModule",
          "assetId": "Gsal314BZ_09N",
          "checksum": "844228b4ecd78552f64e8c9c32ee28b6"
        },
        {
          "type": "cssRules",
          "assetId": "Gsal314BZ_09N",
          "checksum": "844228b4ecd78552f64e8c9c32ee28b6"
        },
        {
          "type": "renderModule",
          "assetId": "zZwgbNNQqGnYp",
          "checksum": "835dfbb67a31f6b16767a9221e40f5b4"
        },
        {
          "type": "cssRules",
          "assetId": "zZwgbNNQqGnYp",
          "checksum": "835dfbb67a31f6b16767a9221e40f5b4"
        },
        {
          "type": "renderModule",
          "assetId": "mGrE-lhOL19U2",
          "checksum": "e6f87bc6b3ccb05b249131bc9f0ff83e"
        },
        {
          "type": "cssRules",
          "assetId": "mGrE-lhOL19U2",
          "checksum": "e6f87bc6b3ccb05b249131bc9f0ff83e"
        },
        {
          "type": "renderModule",
          "assetId": "Wt1LzyXgFDVmi",
          "checksum": "6c5501ce2c6873a3cfb60aa196f1a9f5"
        },
        {
          "type": "cssRules",
          "assetId": "Wt1LzyXgFDVmi",
          "checksum": "6c5501ce2c6873a3cfb60aa196f1a9f5"
        },
        {
          "type": "renderModule",
          "assetId": "yKRX7GtsGfCKL",
          "checksum": "00d1910b2eb6dbee0c24bc9747324aae"
        },
        {
          "type": "cssRules",
          "assetId": "yKRX7GtsGfCKL",
          "checksum": "00d1910b2eb6dbee0c24bc9747324aae"
        },
        {
          "type": "renderModule",
          "assetId": "HeKZPZtkttskj",
          "checksum": "09a089c2b63581aa49efb6c6d72ebca0"
        },
        {
          "type": "cssRules",
          "assetId": "HeKZPZtkttskj",
          "checksum": "09a089c2b63581aa49efb6c6d72ebca0"
        },
        {
          "type": "renderModule",
          "assetId": "vuMfqgxfPAOyJ",
          "checksum": "745d99d58dd017d3920cb5010e0b71cc"
        },
        {
          "type": "cssRules",
          "assetId": "vuMfqgxfPAOyJ",
          "checksum": "745d99d58dd017d3920cb5010e0b71cc"
        },
        {
          "type": "renderModule",
          "assetId": "a1aWPrmZ-Fvwt_",
          "checksum": "f613cb0fdb57b5f378436ac784877004"
        },
        {
          "type": "cssRules",
          "assetId": "a1aWPrmZ-Fvwt_",
          "checksum": "f613cb0fdb57b5f378436ac784877004"
        },
        {
          "type": "renderModule",
          "assetId": "5FkK8vgI3gMIAh",
          "checksum": "a63df224a35b4086249408f4952809ef"
        },
        {
          "type": "cssRules",
          "assetId": "5FkK8vgI3gMIAh",
          "checksum": "a63df224a35b4086249408f4952809ef"
        },
        {
          "type": "renderModule",
          "assetId": "QVjH6T8fCTDq1E",
          "checksum": "bfdf03224546a98ff8a8699a8d5bde36"
        },
        {
          "type": "cssRules",
          "assetId": "QVjH6T8fCTDq1E",
          "checksum": "bfdf03224546a98ff8a8699a8d5bde36"
        },
        {
          "type": "renderModule",
          "assetId": "USHmTAaipP19l8",
          "checksum": "260c1a70060e07e4ad02f5d956673e08"
        },
        {
          "type": "cssRules",
          "assetId": "USHmTAaipP19l8",
          "checksum": "260c1a70060e07e4ad02f5d956673e08"
        },
        {
          "type": "renderModule",
          "assetId": "Q3o3E1j8gkZJNx",
          "checksum": "a74ac8a2c4c339defe74866ebcdaa024"
        },
        {
          "type": "cssRules",
          "assetId": "Q3o3E1j8gkZJNx",
          "checksum": "a74ac8a2c4c339defe74866ebcdaa024"
        },
        {
          "type": "renderModule",
          "assetId": "DcZq28r0qwRqst",
          "checksum": "de81364296fcf39e31ef2c18cb2c1539"
        },
        {
          "type": "cssRules",
          "assetId": "DcZq28r0qwRqst",
          "checksum": "de81364296fcf39e31ef2c18cb2c1539"
        },
        {
          "type": "renderModule",
          "assetId": "eR7O-tD-c4_bmG",
          "checksum": "47d3ff3fb4297828fabaef63b8ae6988"
        },
        {
          "type": "cssRules",
          "assetId": "eR7O-tD-c4_bmG",
          "checksum": "47d3ff3fb4297828fabaef63b8ae6988"
        },
        {
          "type": "renderModule",
          "assetId": "wIyOJs60r2Ucqe",
          "checksum": "9b4cb676c7e22e25e0eb6a07d0012137"
        },
        {
          "type": "cssRules",
          "assetId": "wIyOJs60r2Ucqe",
          "checksum": "9b4cb676c7e22e25e0eb6a07d0012137"
        },
        {
          "type": "icon",
          "assetId": "A46ZV66SRbF0kX",
          "checksum": "00359bee65f447f0c328c9b6e7feaac1"
        },
        {
          "type": "icon",
          "assetId": "zWOQUshTQ6b7gs",
          "checksum": "a6d1a221d0c00fbd94253c6c31b4eb16"
        },
        {
          "type": "icon",
          "assetId": "yBpc6oO_E7Nkk_",
          "checksum": "9bc830fdd3b1a96e35cca856a23e9846"
        },
        {
          "type": "icon",
          "assetId": "65-i4pwi4iF_S6",
          "checksum": "b153bda31fd4be9f73fd37323b28749c"
        },
        {
          "type": "icon",
          "assetId": "wGF9gtiEctb3jK",
          "checksum": "ad385b95d9313a9e9764194a5a14cd63"
        },
        {
          "type": "icon",
          "assetId": "XsBb-jUzVfIjhc",
          "checksum": "78eb6e7a7226acc6790e7eb362545498"
        },
        {
          "type": "icon",
          "assetId": "LAjYuV0KZbagnz",
          "checksum": "efafcf28d40a19bf976dbd5f46bec469"
        },
        {
          "type": "icon",
          "assetId": "cj_l4Hlu-0Z1V-",
          "checksum": "c7ce51a76961aed1d8b0a1fcdd33b7de"
        },
        {
          "type": "icon",
          "assetId": "a7OfJW78wZs6Pv",
          "checksum": "fad887aee04d3ab65c8f7edbd7caae48"
        },
        {
          "type": "icon",
          "assetId": "DCm9ZPcVYBRWE0",
          "checksum": "aae88202197c2f67fbc297818487918f"
        },
        {
          "type": "icon",
          "assetId": "Be6EN_9MeUOrL-",
          "checksum": "01502e4fa02ae57713539a998d83f213"
        },
        {
          "type": "icon",
          "assetId": "eAxMNzcYsH-1CP",
          "checksum": "539e55a4b1e43d1c403609f1c4a92627"
        },
        {
          "type": "icon",
          "assetId": "A39btkXazuAtKe",
          "checksum": "514892ad49d0485a517e970e4e0971eb"
        },
        {
          "type": "icon",
          "assetId": "5jMb0qVeGWZKKH",
          "checksum": "e3290279892c5912ebe7c640db8ed02e"
        },
        {
          "type": "icon",
          "assetId": "wjmd7NAlPO-lfy",
          "checksum": "f6bcae1868620f551758cc8a9b16bc28"
        },
        {
          "type": "icon",
          "assetId": "rxUN4wqbpx61z3",
          "checksum": "02e07e30c5b398de4a4b8e6a9b2ecf8f"
        },
        {
          "type": "icon",
          "assetId": "aqzxOXy3DmWdNC",
          "checksum": "269ee8af189e41df537d16d701d4e48c"
        },
        {
          "type": "icon",
          "assetId": "L3VCz0RXA5nodT",
          "checksum": "1412bea26b555eda217a27e370a11974"
        },
        {
          "type": "icon",
          "assetId": "Y9OLGRj8R81Q_s",
          "checksum": "72bd3df90c8b13fe75d80a14319a5943"
        },
        {
          "type": "image",
          "assetId": "mSaDKUQYkROpI8",
          "checksum": "6f048f3dfd517be651879eb1f034f4dd"
        },
        {
          "type": "image",
          "assetId": "UEItu9m5bsv6Ma",
          "checksum": "bf814a005479e22fa40031455234de1f"
        },
        {
          "type": "image",
          "assetId": "ZPpV5YNqBTDbaz",
          "checksum": "8c59df11eee0c98206cde084a1b25835"
        },
        {
          "type": "image",
          "assetId": "VH9bv22asHDrw7",
          "checksum": "bdffec94df99cdeac0f7e8e57c5b5609"
        }
      ]
    }
  ],
  "cliVersion": "0.1.151"
}
